// !$*UTF8*$!
{
	archiveVersion = 1;
	classes = {
	};
	objectVersion = 46;
	objects = {

/* Begin PBXBuildFile section */
		CB5898931549D9CA00521AA9 /* UIKit.framework in Frameworks */ = {isa = PBXBuildFile; fileRef = CB5898921549D9CA00521AA9 /* UIKit.framework */; };
		CB5898951549D9CA00521AA9 /* Foundation.framework in Frameworks */ = {isa = PBXBuildFile; fileRef = CB5898941549D9CA00521AA9 /* Foundation.framework */; };
		CB5898971549D9CA00521AA9 /* CoreGraphics.framework in Frameworks */ = {isa = PBXBuildFile; fileRef = CB5898961549D9CA00521AA9 /* CoreGraphics.framework */; };
		CB58989D1549D9CA00521AA9 /* InfoPlist.strings in Resources */ = {isa = PBXBuildFile; fileRef = CB58989B1549D9CA00521AA9 /* InfoPlist.strings */; };
		CB58989F1549D9CA00521AA9 /* main.m in Sources */ = {isa = PBXBuildFile; fileRef = CB58989E1549D9CA00521AA9 /* main.m */; };
		CB5898A31549D9CA00521AA9 /* AppDelegate.m in Sources */ = {isa = PBXBuildFile; fileRef = CB5898A21549D9CA00521AA9 /* AppDelegate.m */; };
		CB5898A51549D9CA00521AA9 /* Rogator.entitlements in Resources */ = {isa = PBXBuildFile; fileRef = CB5898A41549D9CA00521AA9 /* Rogator.entitlements */; };
		CB5898A81549D9CA00521AA9 /* ViewController.m in Sources */ = {isa = PBXBuildFile; fileRef = CB5898A71549D9CA00521AA9 /* ViewController.m */; };
		CB5898AB1549D9CA00521AA9 /* ViewController.xib in Resources */ = {isa = PBXBuildFile; fileRef = CB5898A91549D9CA00521AA9 /* ViewController.xib */; };
/* End PBXBuildFile section */

/* Begin PBXFileReference section */
		CB58988E1549D9CA00521AA9 /* Rogator.app */ = {isa = PBXFileReference; explicitFileType = wrapper.application; includeInIndex = 0; path = Rogator.app; sourceTree = BUILT_PRODUCTS_DIR; };
		CB5898921549D9CA00521AA9 /* UIKit.framework */ = {isa = PBXFileReference; lastKnownFileType = wrapper.framework; name = UIKit.framework; path = System/Library/Frameworks/UIKit.framework; sourceTree = SDKROOT; };
		CB5898941549D9CA00521AA9 /* Foundation.framework */ = {isa = PBXFileReference; lastKnownFileType = wrapper.framework; name = Foundation.framework; path = System/Library/Frameworks/Foundation.framework; sourceTree = SDKROOT; };
		CB5898961549D9CA00521AA9 /* CoreGraphics.framework */ = {isa = PBXFileReference; lastKnownFileType = wrapper.framework; name = CoreGraphics.framework; path = System/Library/Frameworks/CoreGraphics.framework; sourceTree = SDKROOT; };
		CB58989A1549D9CA00521AA9 /* Rogator-Info.plist */ = {isa = PBXFileReference; path = "Rogator-Info.plist"; sourceTree = "<group>"; };
		CB58989C1549D9CA00521AA9 /* en */ = {isa = PBXFileReference; lastKnownFileType = text.plist.strings; name = en; path = en.lproj/InfoPlist.strings; sourceTree = "<group>"; };
		CB58989E1549D9CA00521AA9 /* main.m */ = {isa = PBXFileReference; lastKnownFileType = sourcecode.c.objc; path = main.m; sourceTree = "<group>"; };
		CB5898A01549D9CA00521AA9 /* Rogator-Prefix.pch */ = {isa = PBXFileReference; path = "Rogator-Prefix.pch"; sourceTree = "<group>"; };
		CB5898A11549D9CA00521AA9 /* AppDelegate.h */ = {isa = PBXFileReference; path = AppDelegate.h; sourceTree = "<group>"; };
		CB5898A21549D9CA00521AA9 /* AppDelegate.m */ = {isa = PBXFileReference; lastKnownFileType = sourcecode.c.objc; path = AppDelegate.m; sourceTree = "<group>"; };
		CB5898A41549D9CA00521AA9 /* Rogator.entitlements */ = {isa = PBXFileReference; lastKnownFileType = text.xml; path = Rogator.entitlements; sourceTree = "<group>"; };
		CB5898A61549D9CA00521AA9 /* ViewController.h */ = {isa = PBXFileReference; path = ViewController.h; sourceTree = "<group>"; };
		CB5898A71549D9CA00521AA9 /* ViewController.m */ = {isa = PBXFileReference; lastKnownFileType = sourcecode.c.objc; path = ViewController.m; sourceTree = "<group>"; };
		CB5898AA1549D9CA00521AA9 /* en */ = {isa = PBXFileReference; lastKnownFileType = file.xib; name = en; path = en.lproj/ViewController.xib; sourceTree = "<group>"; };
/* End PBXFileReference section */

/* Begin PBXFrameworksBuildPhase section */
		CB58988B1549D9CA00521AA9 /* Frameworks */ = {
			isa = PBXFrameworksBuildPhase;
			buildActionMask = 2147483647;
			files = (
				CB5898931549D9CA00521AA9 /* UIKit.framework in Frameworks */,
				CB5898951549D9CA00521AA9 /* Foundation.framework in Frameworks */,
				CB5898971549D9CA00521AA9 /* CoreGraphics.framework in Frameworks */,
			);
			runOnlyForDeploymentPostprocessing = 0;
		};
/* End PBXFrameworksBuildPhase section */

/* Begin PBXGroup section */
		CB5898831549D9CA00521AA9 = {
			isa = PBXGroup;
			children = (
				CB5898981549D9CA00521AA9 /* Rogator */,
				CB5898911549D9CA00521AA9 /* Frameworks */,
				CB58988F1549D9CA00521AA9 /* Products */,
			);
			sourceTree = "<group>";
		};
		CB58988F1549D9CA00521AA9 /* Products */ = {
			isa = PBXGroup;
			children = (
				CB58988E1549D9CA00521AA9 /* Rogator.app */,
			);
			name = Products;
			sourceTree = "<group>";
		};
		CB5898911549D9CA00521AA9 /* Frameworks */ = {
			isa = PBXGroup;
			children = (
				CB5898921549D9CA00521AA9 /* UIKit.framework */,
				CB5898941549D9CA00521AA9 /* Foundation.framework */,
				CB5898961549D9CA00521AA9 /* CoreGraphics.framework */,
			);
			name = Frameworks;
			sourceTree = "<group>";
		};
		CB5898981549D9CA00521AA9 /* Rogator */ = {
			isa = PBXGroup;
			children = (
				CB5898A11549D9CA00521AA9 /* AppDelegate.h */,
				CB5898A21549D9CA00521AA9 /* AppDelegate.m */,
				CB5898A61549D9CA00521AA9 /* ViewController.h */,
				CB5898A71549D9CA00521AA9 /* ViewController.m */,
				CB5898A91549D9CA00521AA9 /* ViewController.xib */,
				CB5898991549D9CA00521AA9 /* Supporting Files */,
			);
			path = Rogator;
			sourceTree = "<group>";
		};
		CB5898991549D9CA00521AA9 /* Supporting Files */ = {
			isa = PBXGroup;
			children = (
				CB58989A1549D9CA00521AA9 /* Rogator-Info.plist */,
				CB58989B1549D9CA00521AA9 /* InfoPlist.strings */,
				CB58989E1549D9CA00521AA9 /* main.m */,
				CB5898A01549D9CA00521AA9 /* Rogator-Prefix.pch */,
				CB5898A41549D9CA00521AA9 /* Rogator.entitlements */,
			);
			name = "Supporting Files";
			sourceTree = "<group>";
		};
/* End PBXGroup section */

/* Begin PBXNativeTarget section */
		CB58988D1549D9CA00521AA9 /* Rogator */ = {
			isa = PBXNativeTarget;
			buildConfigurationList = CB5898AE1549D9CA00521AA9 /* Build configuration list for PBXNativeTarget "Rogator" */;
			buildPhases = (
				CB58988A1549D9CA00521AA9 /* Sources */,
				CB58988B1549D9CA00521AA9 /* Frameworks */,
				CB58988C1549D9CA00521AA9 /* Resources */,
			);
			buildRules = (
			);
			dependencies = (
			);
			name = Rogator;
			productName = Rogator;
			productReference = CB58988E1549D9CA00521AA9 /* Rogator.app */;
			productType = "com.apple.product-type.application";
		};
/* End PBXNativeTarget section */

/* Begin PBXProject section */
		CB5898851549D9CA00521AA9 /* Project object */ = {
			isa = PBXProject;
			attributes = {
				LastUpgradeCheck = 0440;
				ORGANIZATIONNAME = "Alexander v. Below";
			};
			buildConfigurationList = CB5898881549D9CA00521AA9 /* Build configuration list for PBXProject "Rogator" */;
			compatibilityVersion = "Xcode 3.2";
			developmentRegion = English;
			hasScannedForEncodings = 0;
			knownRegions = (
				en,
			);
			mainGroup = CB5898831549D9CA00521AA9;
			productRefGroup = CB58988F1549D9CA00521AA9 /* Products */;
			projectDirPath = "";
			projectRoot = "";
			targets = (
				CB58988D1549D9CA00521AA9 /* Rogator */,
			);
		};
/* End PBXProject section */

/* Begin PBXResourcesBuildPhase section */
		CB58988C1549D9CA00521AA9 /* Resources */ = {
			isa = PBXResourcesBuildPhase;
			buildActionMask = 2147483647;
			files = (
				CB58989D1549D9CA00521AA9 /* InfoPlist.strings in Resources */,
				CB5898A51549D9CA00521AA9 /* Rogator.entitlements in Resources */,
				CB5898AB1549D9CA00521AA9 /* ViewController.xib in Resources */,
			);
			runOnlyForDeploymentPostprocessing = 0;
		};
/* End PBXResourcesBuildPhase section */

/* Begin PBXSourcesBuildPhase section */
		CB58988A1549D9CA00521AA9 /* Sources */ = {
			isa = PBXSourcesBuildPhase;
			buildActionMask = 2147483647;
			files = (
				CB58989F1549D9CA00521AA9 /* main.m in Sources */,
				CB5898A31549D9CA00521AA9 /* AppDelegate.m in Sources */,
				CB5898A81549D9CA00521AA9 /* ViewController.m in Sources */,
			);
			runOnlyForDeploymentPostprocessing = 0;
		};
/* End PBXSourcesBuildPhase section */

/* Begin PBXVariantGroup section */
		CB58989B1549D9CA00521AA9 /* InfoPlist.strings */ = {
			isa = PBXVariantGroup;
			children = (
				CB58989C1549D9CA00521AA9 /* en */,
			);
			name = InfoPlist.strings;
			sourceTree = "<group>";
		};
		CB5898A91549D9CA00521AA9 /* ViewController.xib */ = {
			isa = PBXVariantGroup;
			children = (
				CB5898AA1549D9CA00521AA9 /* en */,
			);
			name = ViewController.xib;
			sourceTree = "<group>";
		};
/* End PBXVariantGroup section */

/* Begin XCBuildConfiguration section */
		CB5898AC1549D9CA00521AA9 /* Debug */ = {
			isa = XCBuildConfiguration;
			buildSettings = {
				ALWAYS_SEARCH_USER_PATHS = NO;
				ARCHS = "$(ARCHS_STANDARD_32_BIT)";
				CLANG_ENABLE_OBJC_ARC = YES;
				CLANG_WARN__DUPLICATE_METHOD_MATCH = YES;
				"CODE_SIGN_IDENTITY[sdk=iphoneos*]" = "iPhone Developer";
				COPY_PHASE_STRIP = NO;
				GCC_C_LANGUAGE_STANDARD = gnu99;
				GCC_DYNAMIC_NO_PIC = NO;
				GCC_OPTIMIZATION_LEVEL = 0;
				GCC_PREPROCESSOR_DEFINITIONS = (
					"DEBUG=1",
					"$(inherited)",
				);
				GCC_SYMBOLS_PRIVATE_EXTERN = NO;
				GCC_VERSION = com.apple.compilers.llvm.clang.1_0;
				GCC_WARN_ABOUT_RETURN_TYPE = YES;
				GCC_WARN_UNINITIALIZED_AUTOS = YES;
				GCC_WARN_UNUSED_VARIABLE = YES;
				IPHONEOS_DEPLOYMENT_TARGET = 5.1;
				SDKROOT = iphoneos;
			};
			name = Debug;
		};
		CB5898AD1549D9CA00521AA9 /* Release */ = {
			isa = XCBuildConfiguration;
			buildSettings = {
				ALWAYS_SEARCH_USER_PATHS = NO;
				ARCHS = "$(ARCHS_STANDARD_32_BIT)";
				CLANG_ENABLE_OBJC_ARC = YES;
				CLANG_WARN__DUPLICATE_METHOD_MATCH = YES;
				"CODE_SIGN_IDENTITY[sdk=iphoneos*]" = "iPhone Developer";
				COPY_PHASE_STRIP = YES;
				GCC_C_LANGUAGE_STANDARD = gnu99;
				GCC_VERSION = com.apple.compilers.llvm.clang.1_0;
				GCC_WARN_ABOUT_RETURN_TYPE = YES;
				GCC_WARN_UNINITIALIZED_AUTOS = YES;
				GCC_WARN_UNUSED_VARIABLE = YES;
				IPHONEOS_DEPLOYMENT_TARGET = 5.1;
				OTHER_CFLAGS = "-DNS_BLOCK_ASSERTIONS=1";
				SDKROOT = iphoneos;
				VALIDATE_PRODUCT = YES;
			};
			name = Release;
		};
		CB5898AF1549D9CA00521AA9 /* Debug */ = {
			isa = XCBuildConfiguration;
			buildSettings = {
				CODE_SIGN_ENTITLEMENTS = Rogator/Rogator.entitlements;
				GCC_PRECOMPILE_PREFIX_HEADER = YES;
				GCC_PREFIX_HEADER = "Rogator/Rogator-Prefix.pch";
				INFOPLIST_FILE = "Rogator/Rogator-Info.plist";
				PRODUCT_NAME = "$(TARGET_NAME)";
				WRAPPER_EXTENSION = app;
			};
			name = Debug;
		};
		CB5898B01549D9CA00521AA9 /* Release */ = {
			isa = XCBuildConfiguration;
			buildSettings = {
				CODE_SIGN_ENTITLEMENTS = Rogator/Rogator.entitlements;
				GCC_PRECOMPILE_PREFIX_HEADER = YES;
				GCC_PREFIX_HEADER = "Rogator/Rogator-Prefix.pch";
				INFOPLIST_FILE = "Rogator/Rogator-Info.plist";
				PRODUCT_NAME = "$(TARGET_NAME)";
				WRAPPER_EXTENSION = app;
			};
			name = Release;
		};
/* End XCBuildConfiguration section */

/* Begin XCConfigurationList section */
		CB5898881549D9CA00521AA9 /* Build configuration list for PBXProject "Rogator" */ = {
			isa = XCConfigurationList;
			buildConfigurations = (
				CB5898AC1549D9CA00521AA9 /* Debug */,
				CB5898AD1549D9CA00521AA9 /* Release */,
			);
			defaultConfigurationIsVisible = 0;
			defaultConfigurationName = Release;
		};
		CB5898AE1549D9CA00521AA9 /* Build configuration list for PBXNativeTarget "Rogator" */ = {
			isa = XCConfigurationList;
			buildConfigurations = (
				CB5898AF1549D9CA00521AA9 /* Debug */,
				CB5898B01549D9CA00521AA9 /* Release */,
			);
			defaultConfigurationIsVisible = 0;
		};
/* End XCConfigurationList section */
	};
	rootObject = CB5898851549D9CA00521AA9 /* Project object */;
}
